
Microsoft Visual Studio Solution File, Format Version 12.00
# Visual Studio Version 17
VisualStudioVersion = 17.6.33712.159
MinimumVisualStudioVersion = 10.0.40219.1
Project("{FAE04EC0-301F-11D3-BF4B-00C04F79EFBC}") = "TempConvert", "TempConvert.csproj", "{B0BBF79F-222B-4FBE-A65C-07EB3B806954}"
EndProject
Global
	GlobalSection(SolutionConfigurationPlatforms) = preSolution
		Debug|Any CPU = Debug|Any CPU
		Release|Any CPU = Release|Any CPU
	EndGlobalSection
	GlobalSection(ProjectConfigurationPlatforms) = postSolution
		{B0BBF79F-222B-4FBE-A65C-07EB3B806954}.Debug|Any CPU.ActiveCfg = Debug|Any CPU
		{B0BBF79F-222B-4FBE-A65C-07EB3B806954}.Debug|Any CPU.Build.0 = Debug|Any CPU
		{B0BBF79F-222B-4FBE-A65C-07EB3B806954}.Release|Any CPU.ActiveCfg = Release|Any CPU
		{B0BBF79F-222B-4FBE-A65C-07EB3B806954}.Release|Any CPU.Build.0 = Release|Any CPU
	EndGlobalSection
	GlobalSection(SolutionProperties) = preSolution
		HideSolutionNode = FALSE
	EndGlobalSection
	GlobalSection(ExtensibilityGlobals) = postSolution
		SolutionGuid = {CE639869-72B0-4F8F-A124-B6B47BEAE02B}
	EndGlobalSection
EndGlobal
